
Microsoft Visual Studio Solution File, Format Version 12.00
# Visual Studio 15
VisualStudioVersion = 15.0.26228.52
MinimumVisualStudioVersion = 10.0.40219.1
Project("{FAE04EC0-301F-11D3-BF4B-00C04F79EFBC}") = "LoseItSharp", "LoseItSharp\LoseItSharp.csproj", "{0FBC2AE8-D6DE-424C-8838-47C9949F3D68}"
EndProject
Project("{FAE04EC0-301F-11D3-BF4B-00C04F79EFBC}") = "LoseItSharp.Tests", "LoseItSharp.Tests\LoseItSharp.Tests.csproj", "{B929A0AF-D253-4783-A0F9-ED7B2F02118B}"
EndProject
Global
	GlobalSection(SolutionConfigurationPlatforms) = preSolution
		Debug|Any CPU = Debug|Any CPU
		Release|Any CPU = Release|Any CPU
	EndGlobalSection
	GlobalSection(ProjectConfigurationPlatforms) = postSolution
		{0FBC2AE8-D6DE-424C-8838-47C9949F3D68}.Debug|Any CPU.ActiveCfg = Debug|Any CPU
		{0FBC2AE8-D6DE-424C-8838-47C9949F3D68}.Debug|Any CPU.Build.0 = Debug|Any CPU
		{0FBC2AE8-D6DE-424C-8838-47C9949F3D68}.Release|Any CPU.ActiveCfg = Release|Any CPU
		{0FBC2AE8-D6DE-424C-8838-47C9949F3D68}.Release|Any CPU.Build.0 = Release|Any CPU
		{B929A0AF-D253-4783-A0F9-ED7B2F02118B}.Debug|Any CPU.ActiveCfg = Debug|Any CPU
		{B929A0AF-D253-4783-A0F9-ED7B2F02118B}.Debug|Any CPU.Build.0 = Debug|Any CPU
		{B929A0AF-D253-4783-A0F9-ED7B2F02118B}.Release|Any CPU.ActiveCfg = Release|Any CPU
		{B929A0AF-D253-4783-A0F9-ED7B2F02118B}.Release|Any CPU.Build.0 = Release|Any CPU
	EndGlobalSection
	GlobalSection(SolutionProperties) = preSolution
		HideSolutionNode = FALSE
	EndGlobalSection
EndGlobal
