
Microsoft Visual Studio Solution File, Format Version 12.00
# Visual Studio Version 16
VisualStudioVersion = 16.0.30128.74
MinimumVisualStudioVersion = 10.0.40219.1
Project("{FAE04EC0-301F-11D3-BF4B-00C04F79EFBC}") = "LoseItSharp", "LoseItSharp\LoseItSharp.csproj", "{0FBC2AE8-D6DE-424C-8838-47C9949F3D68}"
EndProject
Project("{FAE04EC0-301F-11D3-BF4B-00C04F79EFBC}") = "LoseItSharp.Tests", "LoseItSharp.Tests\LoseItSharp.Tests.csproj", "{58782294-B8C9-47AA-8591-30296DBDE5B7}"
EndProject
Global
	GlobalSection(SolutionConfigurationPlatforms) = preSolution
		Debug|Any CPU = Debug|Any CPU
		Release|Any CPU = Release|Any CPU
	EndGlobalSection
	GlobalSection(ProjectConfigurationPlatforms) = postSolution
		{0FBC2AE8-D6DE-424C-8838-47C9949F3D68}.Debug|Any CPU.ActiveCfg = Debug|Any CPU
		{0FBC2AE8-D6DE-424C-8838-47C9949F3D68}.Debug|Any CPU.Build.0 = Debug|Any CPU
		{0FBC2AE8-D6DE-424C-8838-47C9949F3D68}.Release|Any CPU.ActiveCfg = Release|Any CPU
		{0FBC2AE8-D6DE-424C-8838-47C9949F3D68}.Release|Any CPU.Build.0 = Release|Any CPU
		{58782294-B8C9-47AA-8591-30296DBDE5B7}.Debug|Any CPU.ActiveCfg = Debug|Any CPU
		{58782294-B8C9-47AA-8591-30296DBDE5B7}.Debug|Any CPU.Build.0 = Debug|Any CPU
		{58782294-B8C9-47AA-8591-30296DBDE5B7}.Release|Any CPU.ActiveCfg = Release|Any CPU
		{58782294-B8C9-47AA-8591-30296DBDE5B7}.Release|Any CPU.Build.0 = Release|Any CPU
	EndGlobalSection
	GlobalSection(SolutionProperties) = preSolution
		HideSolutionNode = FALSE
	EndGlobalSection
	GlobalSection(ExtensibilityGlobals) = postSolution
		SolutionGuid = {0EEAB2F9-07A9-4F28-BD34-232EC447A7F6}
	EndGlobalSection
EndGlobal
